
Microsoft Visual Studio Solution File, Format Version 11.00
# Visual Studio 2010
Project("{2150E333-8FDC-42A3-9474-1A3956D46DE8}") = "SolutionItems", "SolutionItems", "{3131532E-C2BB-45E2-88DA-BA2F6BF971CF}"
	ProjectSection(SolutionItems) = preProject
		GlobalAssemblyInfo.cs = GlobalAssemblyInfo.cs
	EndProjectSection
EndProject
Project("{FAE04EC0-301F-11D3-BF4B-00C04F79EFBC}") = "xUnit.BDDExtensions", "xUnit.BDDExtensions\xUnit.BDDExtensions.csproj", "{01CCC787-B3E5-4D4F-917A-950E276EC3E0}"
EndProject
Project("{FAE04EC0-301F-11D3-BF4B-00C04F79EFBC}") = "xUnit.BDDExtensions.Specs", "xUnit.BDDExtensions.Specs\xUnit.BDDExtensions.Specs.csproj", "{31001C55-E15D-4B98-816E-005B1E4AB261}"
EndProject
Project("{FAE04EC0-301F-11D3-BF4B-00C04F79EFBC}") = "xUnit.BDDExtensions.Reporting", "xUnit.BDDExtensions.Reporting\xUnit.BDDExtensions.Reporting.csproj", "{80D7D01B-FB52-4DF5-9C20-9A4F95CD4441}"
EndProject
Project("{FAE04EC0-301F-11D3-BF4B-00C04F79EFBC}") = "xUnit.BDDExtensions.Reporting.Specs", "xUnit.BDDExtensions.Reporting.Specs\xUnit.BDDExtensions.Reporting.Specs.csproj", "{345F602A-056A-49B6-BFAB-D1B32E1C4AF8}"
EndProject
Project("{FAE04EC0-301F-11D3-BF4B-00C04F79EFBC}") = "xUnit.BDDExtensions.MVC", "xUnit.BDDExtensions.MVC\xUnit.BDDExtensions.MVC.csproj", "{03064663-AC5C-4C0A-9E53-FD6C35A0D355}"
EndProject
Project("{FAE04EC0-301F-11D3-BF4B-00C04F79EFBC}") = "xUnit.BDDExtensions.MVC.Specs", "xUnit.BDDExtensions.MVC.Specs\xUnit.BDDExtensions.MVC.Specs.csproj", "{3DC4AF92-82DE-4BBF-A585-599E6E7E7A51}"
EndProject
Project("{FAE04EC0-301F-11D3-BF4B-00C04F79EFBC}") = "xUnit.BDDExtensions.Assertions", "xUnit.BDDExtensions.Assertions\xUnit.BDDExtensions.Assertions.csproj", "{DEE9E6A5-E4CA-475E-9B3A-314C7C0C8E59}"
EndProject
Project("{FAE04EC0-301F-11D3-BF4B-00C04F79EFBC}") = "xUnit.BDDExtensions.Mocking.RhinoMocks", "xUnit.BDDExtensions.Mocking.RhinoMocks\xUnit.BDDExtensions.Mocking.RhinoMocks.csproj", "{BBF8D13E-313A-4A6F-B945-948252A655A7}"
EndProject
Project("{FAE04EC0-301F-11D3-BF4B-00C04F79EFBC}") = "xUnit.BDDExtensions.Mocking.Moq", "xUnit.BDDExtensions.Mocking.Moq\xUnit.BDDExtensions.Mocking.Moq.csproj", "{EA948E79-F988-4D6E-89CB-265AE8C7C22E}"
EndProject
Project("{FAE04EC0-301F-11D3-BF4B-00C04F79EFBC}") = "xUnit.BDDExtensions.Mocking.Moq.Specs", "xUnit.BDDExtensions.Mocking.Moq.Specs\xUnit.BDDExtensions.Mocking.Moq.Specs.csproj", "{5D9AC244-FC0B-475C-A999-AF6EAA55B4AC}"
EndProject
Project("{FAE04EC0-301F-11D3-BF4B-00C04F79EFBC}") = "xUnit.BBDExtensions.Mocking.RhinoMocks.Specs", "xUnit.BBDExtensions.Mocking.RhinoMocks.Specs\xUnit.BBDExtensions.Mocking.RhinoMocks.Specs.csproj", "{6514AE7C-D253-4B0B-BADF-6B86CF1E8228}"
EndProject
Global
	GlobalSection(SolutionConfigurationPlatforms) = preSolution
		Debug|Any CPU = Debug|Any CPU
		Release|Any CPU = Release|Any CPU
	EndGlobalSection
	GlobalSection(ProjectConfigurationPlatforms) = postSolution
		{01CCC787-B3E5-4D4F-917A-950E276EC3E0}.Debug|Any CPU.ActiveCfg = Debug|Any CPU
		{01CCC787-B3E5-4D4F-917A-950E276EC3E0}.Debug|Any CPU.Build.0 = Debug|Any CPU
		{01CCC787-B3E5-4D4F-917A-950E276EC3E0}.Release|Any CPU.ActiveCfg = Release|Any CPU
		{01CCC787-B3E5-4D4F-917A-950E276EC3E0}.Release|Any CPU.Build.0 = Release|Any CPU
		{31001C55-E15D-4B98-816E-005B1E4AB261}.Debug|Any CPU.ActiveCfg = Debug|Any CPU
		{31001C55-E15D-4B98-816E-005B1E4AB261}.Debug|Any CPU.Build.0 = Debug|Any CPU
		{31001C55-E15D-4B98-816E-005B1E4AB261}.Release|Any CPU.ActiveCfg = Release|Any CPU
		{31001C55-E15D-4B98-816E-005B1E4AB261}.Release|Any CPU.Build.0 = Release|Any CPU
		{80D7D01B-FB52-4DF5-9C20-9A4F95CD4441}.Debug|Any CPU.ActiveCfg = Debug|Any CPU
		{80D7D01B-FB52-4DF5-9C20-9A4F95CD4441}.Debug|Any CPU.Build.0 = Debug|Any CPU
		{80D7D01B-FB52-4DF5-9C20-9A4F95CD4441}.Release|Any CPU.ActiveCfg = Release|Any CPU
		{80D7D01B-FB52-4DF5-9C20-9A4F95CD4441}.Release|Any CPU.Build.0 = Release|Any CPU
		{345F602A-056A-49B6-BFAB-D1B32E1C4AF8}.Debug|Any CPU.ActiveCfg = Debug|Any CPU
		{345F602A-056A-49B6-BFAB-D1B32E1C4AF8}.Debug|Any CPU.Build.0 = Debug|Any CPU
		{345F602A-056A-49B6-BFAB-D1B32E1C4AF8}.Release|Any CPU.ActiveCfg = Release|Any CPU
		{345F602A-056A-49B6-BFAB-D1B32E1C4AF8}.Release|Any CPU.Build.0 = Release|Any CPU
		{03064663-AC5C-4C0A-9E53-FD6C35A0D355}.Debug|Any CPU.ActiveCfg = Debug|Any CPU
		{03064663-AC5C-4C0A-9E53-FD6C35A0D355}.Debug|Any CPU.Build.0 = Debug|Any CPU
		{03064663-AC5C-4C0A-9E53-FD6C35A0D355}.Release|Any CPU.ActiveCfg = Release|Any CPU
		{3DC4AF92-82DE-4BBF-A585-599E6E7E7A51}.Debug|Any CPU.ActiveCfg = Debug|Any CPU
		{3DC4AF92-82DE-4BBF-A585-599E6E7E7A51}.Debug|Any CPU.Build.0 = Debug|Any CPU
		{3DC4AF92-82DE-4BBF-A585-599E6E7E7A51}.Release|Any CPU.ActiveCfg = Release|Any CPU
		{DEE9E6A5-E4CA-475E-9B3A-314C7C0C8E59}.Debug|Any CPU.ActiveCfg = Debug|Any CPU
		{DEE9E6A5-E4CA-475E-9B3A-314C7C0C8E59}.Debug|Any CPU.Build.0 = Debug|Any CPU
		{DEE9E6A5-E4CA-475E-9B3A-314C7C0C8E59}.Release|Any CPU.ActiveCfg = Release|Any CPU
		{DEE9E6A5-E4CA-475E-9B3A-314C7C0C8E59}.Release|Any CPU.Build.0 = Release|Any CPU
		{BBF8D13E-313A-4A6F-B945-948252A655A7}.Debug|Any CPU.ActiveCfg = Debug|Any CPU
		{BBF8D13E-313A-4A6F-B945-948252A655A7}.Debug|Any CPU.Build.0 = Debug|Any CPU
		{BBF8D13E-313A-4A6F-B945-948252A655A7}.Release|Any CPU.ActiveCfg = Release|Any CPU
		{BBF8D13E-313A-4A6F-B945-948252A655A7}.Release|Any CPU.Build.0 = Release|Any CPU
		{EA948E79-F988-4D6E-89CB-265AE8C7C22E}.Debug|Any CPU.ActiveCfg = Debug|Any CPU
		{EA948E79-F988-4D6E-89CB-265AE8C7C22E}.Debug|Any CPU.Build.0 = Debug|Any CPU
		{EA948E79-F988-4D6E-89CB-265AE8C7C22E}.Release|Any CPU.ActiveCfg = Release|Any CPU
		{EA948E79-F988-4D6E-89CB-265AE8C7C22E}.Release|Any CPU.Build.0 = Release|Any CPU
		{5D9AC244-FC0B-475C-A999-AF6EAA55B4AC}.Debug|Any CPU.ActiveCfg = Debug|Any CPU
		{5D9AC244-FC0B-475C-A999-AF6EAA55B4AC}.Debug|Any CPU.Build.0 = Debug|Any CPU
		{5D9AC244-FC0B-475C-A999-AF6EAA55B4AC}.Release|Any CPU.ActiveCfg = Release|Any CPU
		{5D9AC244-FC0B-475C-A999-AF6EAA55B4AC}.Release|Any CPU.Build.0 = Release|Any CPU
		{6514AE7C-D253-4B0B-BADF-6B86CF1E8228}.Debug|Any CPU.ActiveCfg = Debug|Any CPU
		{6514AE7C-D253-4B0B-BADF-6B86CF1E8228}.Debug|Any CPU.Build.0 = Debug|Any CPU
		{6514AE7C-D253-4B0B-BADF-6B86CF1E8228}.Release|Any CPU.ActiveCfg = Release|Any CPU
		{6514AE7C-D253-4B0B-BADF-6B86CF1E8228}.Release|Any CPU.Build.0 = Release|Any CPU
	EndGlobalSection
	GlobalSection(SolutionProperties) = preSolution
		HideSolutionNode = FALSE
	EndGlobalSection
EndGlobal
